version: v2
locks:
  f/aave/flows/aave_health__flow+__flow_hash: 44136fa355b3678a1146ad16f7e8649e94fb4fc21fe77e8310c060f61caaff8a
  f/aave/flows/aave_v4_health__flow+__flow_hash: 44136fa355b3678a1146ad16f7e8649e94fb4fc21fe77e8310c060f61caaff8a
  f/aave/scripts/rules/evaluate_aave_health: 0e515339b476f68c18a11a2b25abb0a7435ed9b1adba2020b05f93f45c814544
  f/aave/scripts/rules/evaluate_aave_v4_health: 2f37523ac6d16c5463960ecfa00c4f2ee18457db436c1ec0ccb51f50f66221a2
  f/aave/scripts/sources/aave_market_positions: d6287952f97051e88ac4902d91943141053d71e89c7635546266f7037ff3da71
  f/aave/scripts/sources/aave_v4_chains: 500a9831b88b4c78f16673557035b88d96f6b3bd7ad285d1dca7cc06419b68b1
  f/aave/scripts/sources/aave_v4_user_positions: 1f0f2d8318dae14f1aa2b719ebe7b7f24d628d777cdd3bd53e8baeffc0b82bdf
  f/binance/flows/spot_price_change__flow+__flow_hash: 44136fa355b3678a1146ad16f7e8649e94fb4fc21fe77e8310c060f61caaff8a
  f/binance/scripts/rules/evaluate_spot_price_change: 7ebed5c49d2478ccc4863cae35a2dc914a5edb2cec113a1f06ea894b1593a3d8
  f/binance/scripts/sources/spot_klines: 252a64677538759917757c5c6843648e5d634c470dc052caff6bc8653b479953
  f/chain_sentinel/lib/health-factor: 9ea7d8dd28d58c60b2fef30944aafa5fab9655d381ba89b83ed52e06d39cc6a3
  f/chain_sentinel/lib/monitor-state: aca487e3f660a5e7a5deb4f6e559160dbdcd252d98e52f3597f82ca8f8df1a22
  f/chain_sentinel/lib/render-message: 98b6acfae3c7496511a35774f128f2a988f63388f344e5e9741747f756d149ef
  f/chain_sentinel/scripts/alert_policies/matched_output: 7ac46cf24268a9b992409eca6c31ee6007c6aa5376b8316e0a21f005357d94fd
  f/chain_sentinel/scripts/destinations/send_flashduty: b9a8868be242f36284e592978b9fab1484e39222ceeeae2766898b3cba6a96d3
  f/chain_sentinel/scripts/destinations/send_telegram: 488f8f380540e83c510f74c3f2593b357caefec270af99b8d895116fb19264c8
  f/chain_sentinel/scripts/destinations/send_webhook: 69824da938ef0c3b0a38acf4ebe2ea12d69bc5d00f629d68fa8877c88a6fbb15
  f/chain_sentinel/scripts/sources/graphql: e4ea869e7408bf07869211da3421bed6b90bf3313ab1039c75026f8800da963c
  f/chain_sentinel/scripts/sources/http_json: 6f3e6bf3415c7c726ca789bd7fe12d38f9fbf693c969bca8e68e1a94a35e1d44
  f/morpho/flows/morpho_health__flow+__flow_hash: 44136fa355b3678a1146ad16f7e8649e94fb4fc21fe77e8310c060f61caaff8a
  f/morpho/scripts/rules/evaluate_morpho_health: e0401f2864998732e6594ae1d6fe0b96a4721b92a371198be8b30b37de40aa29
  f/morpho/scripts/sources/morpho_user_positions: d4077fd5bf13a695f8e19f7874c1ba650ca11266da0ce7712d49624606261579
  u/oneke/0x166Ce42Df5f4BAA94aBC5B62C60dab1B3C73D2a3/aave_v3_hf_monitor__flow+__flow_hash: 44136fa355b3678a1146ad16f7e8649e94fb4fc21fe77e8310c060f61caaff8a
  u/oneke/0x166Ce42Df5f4BAA94aBC5B62C60dab1B3C73D2a3/aave_v4_hf_monitor__flow+__flow_hash: 44136fa355b3678a1146ad16f7e8649e94fb4fc21fe77e8310c060f61caaff8a
  u/oneke/0x166Ce42Df5f4BAA94aBC5B62C60dab1B3C73D2a3/morpho_hf_monitor__flow+__flow_hash: 44136fa355b3678a1146ad16f7e8649e94fb4fc21fe77e8310c060f61caaff8a
  u/oneke/aave_v3_hf_monitor__flow+__flow_hash: 44136fa355b3678a1146ad16f7e8649e94fb4fc21fe77e8310c060f61caaff8a
  u/oneke/binance_btcusdt_price_monitor__flow+__flow_hash: 44136fa355b3678a1146ad16f7e8649e94fb4fc21fe77e8310c060f61caaff8a
