version: v2
locks:
  f/aave/flows/aave_health__flow+__flow_hash: 44136fa355b3678a1146ad16f7e8649e94fb4fc21fe77e8310c060f61caaff8a
  f/aave/flows/aave_v3_liquidations__flow+__flow_hash: 44136fa355b3678a1146ad16f7e8649e94fb4fc21fe77e8310c060f61caaff8a
  f/aave/flows/aave_v3_market_risk__flow+__flow_hash: 44136fa355b3678a1146ad16f7e8649e94fb4fc21fe77e8310c060f61caaff8a
  f/aave/flows/aave_v4_health__flow+__flow_hash: 44136fa355b3678a1146ad16f7e8649e94fb4fc21fe77e8310c060f61caaff8a
  f/aave/flows/aave_v4_liquidations__flow+__flow_hash: 44136fa355b3678a1146ad16f7e8649e94fb4fc21fe77e8310c060f61caaff8a
  f/aave/flows/aave_v4_market_risk__flow+__flow_hash: 44136fa355b3678a1146ad16f7e8649e94fb4fc21fe77e8310c060f61caaff8a
  f/aave/scripts/rules/evaluate_aave_health: 93dd5fd2d76d9c4547a2ea7c57e4928013f781f906ffb78f0dc81c7f62599818
  f/aave/scripts/rules/evaluate_aave_v3_liquidations: 750fc65ca3a6b45e677ddb4482a69c69fcc43e41649af3b9375009d7e04179e8
  f/aave/scripts/rules/evaluate_aave_v3_market_risk: 68a07c5555a5f9c46a6409eef008a034efbbfb85702c1cd1d93be4e3d05e94b1
  f/aave/scripts/rules/evaluate_aave_v4_health: dd489ce6cc415534ad6b3b860e15e5c9a66fbca70b96936fe52cff62b18155b3
  f/aave/scripts/rules/evaluate_aave_v4_liquidations: 2f8b73b645ba39e071903646e7451b1af870802f6cc57081080d3ef808ef9080
  f/aave/scripts/rules/evaluate_aave_v4_market_risk: 5d157ea0a09c1422cf51fc105e53100d4fbf71ed87d697a8dabb9c1eb68b72a4
  f/aave/scripts/sources/aave_market_positions: 72994328ad1864f0e4a0fdf25c722a2b13fc8011730433ea6ad06c9df805f22f
  f/aave/scripts/sources/aave_v3_market_risk: 8d064a0f6a8e47a5ee1621d5d84a6ccbbf3def227682ad71d979f1d509abeec2
  f/aave/scripts/sources/aave_v3_user_liquidations: 691b3648afb36653c318fa9d342d61e9f2ef0569f42957602bc42fb1b4bd478b
  f/aave/scripts/sources/aave_v4_chains: 500a9831b88b4c78f16673557035b88d96f6b3bd7ad285d1dca7cc06419b68b1
  f/aave/scripts/sources/aave_v4_market_risk: c7bce29c924cd03aa3d49da6580c878d21ed622e8952f2977e2506fe1003cc8d
  f/aave/scripts/sources/aave_v4_user_liquidations: 512ab8f673e8ecc78c283064833c6e89f5846e1287726a74bc918966a7475f47
  f/aave/scripts/sources/aave_v4_user_positions: 1f0f2d8318dae14f1aa2b719ebe7b7f24d628d777cdd3bd53e8baeffc0b82bdf
  f/binance/flows/spot_price_change__flow+__flow_hash: 44136fa355b3678a1146ad16f7e8649e94fb4fc21fe77e8310c060f61caaff8a
  f/binance/scripts/rules/evaluate_spot_price_change: 02366fd8292b69c9390d008191630a3f7d869b3bfa2aa6252603fe177fbe00fd
  f/binance/scripts/sources/spot_klines: 252a64677538759917757c5c6843648e5d634c470dc052caff6bc8653b479953
  f/chain_sentinel/lib/destination-batch: 63f1f7ab0ad964b2d493d5174450daca99236fe91074f7a42c1d2ca386306203
  f/chain_sentinel/lib/health-factor: e49b6a15536dff7a05889f04977ecab5a687298afc796151132c123e8908d7c1
  f/chain_sentinel/lib/liquidation-events: 924077dd6a99d55152069a3026d1c3eb4ddaada3c41df86052515ecb513e5d9d
  f/chain_sentinel/lib/market-risk: 53ec52acc4030042f450e234d656104d971ba0d3a721375389f4e0557608d25b
  f/chain_sentinel/lib/monitor-state: bf3b9bbddc6d83e86c956deb355db055c68919bcd243e6a2fa385d7c692da19d
  f/chain_sentinel/lib/render-message: 98b6acfae3c7496511a35774f128f2a988f63388f344e5e9741747f756d149ef
  f/chain_sentinel/scripts/alert_policies/matched_output: 7b4f52dbda04f15b99ec3875922538afa2e51db4d8d27a2372541334b190fdbf
  f/chain_sentinel/scripts/destinations/send_flashduty: 191fadea4701faccc583057ac2bc2d6d24e203b95e372f60996ec34646e6dbe2
  f/chain_sentinel/scripts/destinations/send_telegram: 475ce6b5f0c2fa143c61061e076c280fef9ceebda2c3cc18994f101b1847b745
  f/chain_sentinel/scripts/destinations/send_webhook: 552fb8c9fe4fd50ca26af3c8152bdf02a3a2046ec133c2537e38d9abcb07eaee
  f/chain_sentinel/scripts/sources/graphql: e4ea869e7408bf07869211da3421bed6b90bf3313ab1039c75026f8800da963c
  f/chain_sentinel/scripts/sources/http_json: 6f3e6bf3415c7c726ca789bd7fe12d38f9fbf693c969bca8e68e1a94a35e1d44
  f/morpho/flows/morpho_health__flow+__flow_hash: 44136fa355b3678a1146ad16f7e8649e94fb4fc21fe77e8310c060f61caaff8a
  f/morpho/flows/morpho_liquidations__flow+__flow_hash: 44136fa355b3678a1146ad16f7e8649e94fb4fc21fe77e8310c060f61caaff8a
  f/morpho/flows/morpho_market_risk__flow+__flow_hash: 44136fa355b3678a1146ad16f7e8649e94fb4fc21fe77e8310c060f61caaff8a
  f/morpho/scripts/rules/evaluate_morpho_health: 6a66d4101330b0162e0deb7147286d6ee8690cef92648e5531ab0fff3d067788
  f/morpho/scripts/rules/evaluate_morpho_liquidations: ce6b8b8648649e0cab963cc1ab7236e3576635a26119ec4feb480eb7452d8c92
  f/morpho/scripts/rules/evaluate_morpho_market_risk: ec1bf65c2cc086992dceb1de181b42e3a25e639e1493bac5950280861341735a
  f/morpho/scripts/sources/morpho_market_risk: 022cbe1d7ef1ba543835091f45bf520011fc18c3d0bdaf3d4c698e998d363e58
  f/morpho/scripts/sources/morpho_user_liquidations: 23e1db8803dfff485a61b3f0c13d7c3d8a5f59e2f8882302c3b1fc0499094c61
  f/morpho/scripts/sources/morpho_user_positions: d4077fd5bf13a695f8e19f7874c1ba650ca11266da0ce7712d49624606261579
  f/spark/flows/spark_health__flow+__flow_hash: 44136fa355b3678a1146ad16f7e8649e94fb4fc21fe77e8310c060f61caaff8a
  f/spark/scripts/rules/evaluate_spark_health: 7b7c1a2484527452fc982a634891d44d2c9f8ff9b6692d043889c85d0dff4815
  f/spark/scripts/sources/spark_user_positions: c4926c7d5880f8e24befcf9013161b5c842e13930cb0857516f61d4a420870cc
  u/oneke/0x166Ce42Df5f4BAA94aBC5B62C60dab1B3C73D2a3/aave_v3_hf_monitor__flow+__flow_hash: 44136fa355b3678a1146ad16f7e8649e94fb4fc21fe77e8310c060f61caaff8a
  u/oneke/0x166Ce42Df5f4BAA94aBC5B62C60dab1B3C73D2a3/aave_v4_hf_monitor__flow+__flow_hash: 44136fa355b3678a1146ad16f7e8649e94fb4fc21fe77e8310c060f61caaff8a
  u/oneke/0x166Ce42Df5f4BAA94aBC5B62C60dab1B3C73D2a3/morpho_hf_monitor__flow+__flow_hash: 44136fa355b3678a1146ad16f7e8649e94fb4fc21fe77e8310c060f61caaff8a
  u/oneke/aave_v3_hf_monitor__flow+__flow_hash: 44136fa355b3678a1146ad16f7e8649e94fb4fc21fe77e8310c060f61caaff8a
  u/oneke/binance_btcusdt_price_monitor__flow+__flow_hash: 44136fa355b3678a1146ad16f7e8649e94fb4fc21fe77e8310c060f61caaff8a
